
Microsoft Visual Studio Solution File, Format Version 12.00
# Visual Studio Version 17
VisualStudioVersion = 17.10.35027.167
MinimumVisualStudioVersion = 10.0.40219.1
Project("{FAE04EC0-301F-11D3-BF4B-00C04F79EFBC}") = "full-stack-app-demo.Server", "full-stack-app-demo.Server\full-stack-app-demo.Server.csproj", "{11358849-81A2-4A40-AD54-6EAEE6B680B6}"
EndProject
Project("{54A90642-561A-4BB1-A94E-469ADEE60C69}") = "full-stack-app-demo.client", "full-stack-app-demo.client\full-stack-app-demo.client.esproj", "{939E9B04-169C-43D0-AB1B-BF4AD5DF28A3}"
EndProject
Global
	GlobalSection(SolutionConfigurationPlatforms) = preSolution
		Debug|Any CPU = Debug|Any CPU
		Release|Any CPU = Release|Any CPU
	EndGlobalSection
	GlobalSection(ProjectConfigurationPlatforms) = postSolution
		{11358849-81A2-4A40-AD54-6EAEE6B680B6}.Debug|Any CPU.ActiveCfg = Debug|Any CPU
		{11358849-81A2-4A40-AD54-6EAEE6B680B6}.Debug|Any CPU.Build.0 = Debug|Any CPU
		{11358849-81A2-4A40-AD54-6EAEE6B680B6}.Release|Any CPU.ActiveCfg = Release|Any CPU
		{11358849-81A2-4A40-AD54-6EAEE6B680B6}.Release|Any CPU.Build.0 = Release|Any CPU
		{939E9B04-169C-43D0-AB1B-BF4AD5DF28A3}.Debug|Any CPU.ActiveCfg = Debug|Any CPU
		{939E9B04-169C-43D0-AB1B-BF4AD5DF28A3}.Debug|Any CPU.Build.0 = Debug|Any CPU
		{939E9B04-169C-43D0-AB1B-BF4AD5DF28A3}.Debug|Any CPU.Deploy.0 = Debug|Any CPU
		{939E9B04-169C-43D0-AB1B-BF4AD5DF28A3}.Release|Any CPU.ActiveCfg = Release|Any CPU
		{939E9B04-169C-43D0-AB1B-BF4AD5DF28A3}.Release|Any CPU.Build.0 = Release|Any CPU
		{939E9B04-169C-43D0-AB1B-BF4AD5DF28A3}.Release|Any CPU.Deploy.0 = Release|Any CPU
	EndGlobalSection
	GlobalSection(SolutionProperties) = preSolution
		HideSolutionNode = FALSE
	EndGlobalSection
	GlobalSection(ExtensibilityGlobals) = postSolution
		SolutionGuid = {ED3C57F6-B47C-4B65-B085-A38C77C800A4}
	EndGlobalSection
EndGlobal
